// !$*UTF8*$!
{
	archiveVersion = 1;
	classes = {
	};
	objectVersion = 77;
	objects = {

/* Begin PBXContainerItemProxy section */
		DF34DF052FA80B0100BF8474 /* PBXContainerItemProxy */ = {
			isa = PBXContainerItemProxy;
			containerPortal = DF34DEE62FA80B0000BF8474 /* Project object */;
			proxyType = 1;
			remoteGlobalIDString = DF34DEED2FA80B0000BF8474;
			remoteInfo = TermProject;
		};
		DF34DF0F2FA80B0100BF8474 /* PBXContainerItemProxy */ = {
			isa = PBXContainerItemProxy;
			containerPortal = DF34DEE62FA80B0000BF8474 /* Project object */;
			proxyType = 1;
			remoteGlobalIDString = DF34DEED2FA80B0000BF8474;
			remoteInfo = TermProject;
		};
/* End PBXContainerItemProxy section */

/* Begin PBXFileReference section */
		DF34DEEE2FA80B0000BF8474 /* TermProject.app */ = {isa = PBXFileReference; explicitFileType = wrapper.application; includeInIndex = 0; path = TermProject.app; sourceTree = BUILT_PRODUCTS_DIR; };
		DF34DF042FA80B0100BF8474 /* TermProjectTests.xctest */ = {isa = PBXFileReference; explicitFileType = wrapper.cfbundle; includeInIndex = 0; path = TermProjectTests.xctest; sourceTree = BUILT_PRODUCTS_DIR; };
		DF34DF0E2FA80B0100BF8474 /* TermProjectUITests.xctest */ = {isa = PBXFileReference; explicitFileType = wrapper.cfbundle; includeInIndex = 0; path = TermProjectUITests.xctest; sourceTree = BUILT_PRODUCTS_DIR; };
/* End PBXFileReference section */

/* Begin PBXFileSystemSynchronizedBuildFileExceptionSet section */
		DF2AB2FA2FBCD3000029968C /* Exceptions for "TermProject" folder in "TermProject" target */ = {
			isa = PBXFileSystemSynchronizedBuildFileExceptionSet;
			membershipExceptions = (
				"/Localized: Main.storyboard",
				API/PexelsAPIManager.swift,
				AppDelegate.swift,
				ColorPaletteViewController.swift,
				Extensions/StringAndColor.swift,
				Extensions/UIImageViewAndLoading.swift,
				FavoritesViewController.swift,
				ItemDetailViewController.swift,
				Managers/FavoritesManager.swift,
				Managers/WorkshopManager.swift,
				Models/FavoriteFolder.swift,
				Models/FavoriteItem.swift,
				Models/Photo.swift,
				Models/Video.swift,
				SceneDelegate.swift,
				SearchViewController.swift,
				VideoWorkshopViewController.swift,
			);
			target = DF34DEED2FA80B0000BF8474 /* TermProject */;
		};
/* End PBXFileSystemSynchronizedBuildFileExceptionSet section */

/* Begin PBXFileSystemSynchronizedRootGroup section */
		DF2AB2F82FBCD2F40029968C /* TermProject */ = {
			isa = PBXFileSystemSynchronizedRootGroup;
			exceptions = (
				DF2AB2FA2FBCD3000029968C /* Exceptions for "TermProject" folder in "TermProject" target */,
			);
			path = TermProject;
			sourceTree = "<group>";
		};
		DF34DF072FA80B0100BF8474 /* TermProjectTests */ = {
			isa = PBXFileSystemSynchronizedRootGroup;
			path = TermProjectTests;
			sourceTree = "<group>";
		};
		DF34DF112FA80B0100BF8474 /* TermProjectUITests */ = {
			isa = PBXFileSystemSynchronizedRootGroup;
			path = TermProjectUITests;
			sourceTree = "<group>";
		};
/* End PBXFileSystemSynchronizedRootGroup section */

/* Begin PBXFrameworksBuildPhase section */
		DF34DEEB2FA80B0000BF8474 /* Frameworks */ = {
			isa = PBXFrameworksBuildPhase;
			buildActionMask = 2147483647;
			files = (
			);
			runOnlyForDeploymentPostprocessing = 0;
		};
		DF34DF012FA80B0100BF8474 /* Frameworks */ = {
			isa = PBXFrameworksBuildPhase;
			buildActionMask = 2147483647;
			files = (
			);
			runOnlyForDeploymentPostprocessing = 0;
		};
		DF34DF0B2FA80B0100BF8474 /* Frameworks */ = {
			isa = PBXFrameworksBuildPhase;
			buildActionMask = 2147483647;
			files = (
			);
			runOnlyForDeploymentPostprocessing = 0;
		};
/* End PBXFrameworksBuildPhase section */

/* Begin PBXGroup section */
		DF34DEE52FA80B0000BF8474 = {
			isa = PBXGroup;
			children = (
				DF2AB2F82FBCD2F40029968C /* TermProject */,
				DF34DF072FA80B0100BF8474 /* TermProjectTests */,
				DF34DF112FA80B0100BF8474 /* TermProjectUITests */,
				DF34DEEF2FA80B0000BF8474 /* Products */,
			);
			sourceTree = "<group>";
		};
		DF34DEEF2FA80B0000BF8474 /* Products */ = {
			isa = PBXGroup;
			children = (
				DF34DEEE2FA80B0000BF8474 /* TermProject.app */,
				DF34DF042FA80B0100BF8474 /* TermProjectTests.xctest */,
				DF34DF0E2FA80B0100BF8474 /* TermProjectUITests.xctest */,
			);
			name = Products;
			sourceTree = "<group>";
		};
/* End PBXGroup section */

/* Begin PBXNativeTarget section */
		DF34DEED2FA80B0000BF8474 /* TermProject */ = {
			isa = PBXNativeTarget;
			buildConfigurationList = DF34DF172FA80B0100BF8474 /* Build configuration list for PBXNativeTarget "TermProject" */;
			buildPhases = (
				DF34DEEA2FA80B0000BF8474 /* Sources */,
				DF34DEEB2FA80B0000BF8474 /* Frameworks */,
				DF34DEEC2FA80B0000BF8474 /* Resources */,
			);
			buildRules = (
			);
			dependencies = (
			);
			name = TermProject;
			packageProductDependencies = (
			);
			productName = TermProject;
			productReference = DF34DEEE2FA80B0000BF8474 /* TermProject.app */;
			productType = "com.apple.product-type.application";
		};
		DF34DF032FA80B0100BF8474 /* TermProjectTests */ = {
			isa = PBXNativeTarget;
			buildConfigurationList = DF34DF1C2FA80B0100BF8474 /* Build configuration list for PBXNativeTarget "TermProjectTests" */;
			buildPhases = (
				DF34DF002FA80B0100BF8474 /* Sources */,
				DF34DF012FA80B0100BF8474 /* Frameworks */,
				DF34DF022FA80B0100BF8474 /* Resources */,
			);
			buildRules = (
			);
			dependencies = (
				DF34DF062FA80B0100BF8474 /* PBXTargetDependency */,
			);
			fileSystemSynchronizedGroups = (
				DF34DF072FA80B0100BF8474 /* TermProjectTests */,
			);
			name = TermProjectTests;
			packageProductDependencies = (
			);
			productName = TermProjectTests;
			productReference = DF34DF042FA80B0100BF8474 /* TermProjectTests.xctest */;
			productType = "com.apple.product-type.bundle.unit-test";
		};
		DF34DF0D2FA80B0100BF8474 /* TermProjectUITests */ = {
			isa = PBXNativeTarget;
			buildConfigurationList = DF34DF1F2FA80B0100BF8474 /* Build configuration list for PBXNativeTarget "TermProjectUITests" */;
			buildPhases = (
				DF34DF0A2FA80B0100BF8474 /* Sources */,
				DF34DF0B2FA80B0100BF8474 /* Frameworks */,
				DF34DF0C2FA80B0100BF8474 /* Resources */,
			);
			buildRules = (
			);
			dependencies = (
				DF34DF102FA80B0100BF8474 /* PBXTargetDependency */,
			);
			fileSystemSynchronizedGroups = (
				DF34DF112FA80B0100BF8474 /* TermProjectUITests */,
			);
			name = TermProjectUITests;
			packageProductDependencies = (
			);
			productName = TermProjectUITests;
			productReference = DF34DF0E2FA80B0100BF8474 /* TermProjectUITests.xctest */;
			productType = "com.apple.product-type.bundle.ui-testing";
		};
/* End PBXNativeTarget section */

/* Begin PBXProject section */
		DF34DEE62FA80B0000BF8474 /* Project object */ = {
			isa = PBXProject;
			attributes = {
				BuildIndependentTargetsInParallel = 1;
				LastSwiftUpdateCheck = 2630;
				LastUpgradeCheck = 2630;
				TargetAttributes = {
					DF34DEED2FA80B0000BF8474 = {
						CreatedOnToolsVersion = 26.3;
					};
					DF34DF032FA80B0100BF8474 = {
						CreatedOnToolsVersion = 26.3;
						TestTargetID = DF34DEED2FA80B0000BF8474;
					};
					DF34DF0D2FA80B0100BF8474 = {
						CreatedOnToolsVersion = 26.3;
						TestTargetID = DF34DEED2FA80B0000BF8474;
					};
				};
			};
			buildConfigurationList = DF34DEE92FA80B0000BF8474 /* Build configuration list for PBXProject "TermProject.SceneDelegate" */;
			developmentRegion = en;
			hasScannedForEncodings = 0;
			knownRegions = (
				en,
				Base,
			);
			mainGroup = DF34DEE52FA80B0000BF8474;
			minimizedProjectReferenceProxies = 1;
			preferredProjectObjectVersion = 77;
			productRefGroup = DF34DEEF2FA80B0000BF8474 /* Products */;
			projectDirPath = "";
			projectRoot = "";
			targets = (
				DF34DEED2FA80B0000BF8474 /* TermProject */,
				DF34DF032FA80B0100BF8474 /* TermProjectTests */,
				DF34DF0D2FA80B0100BF8474 /* TermProjectUITests */,
			);
		};
/* End PBXProject section */

/* Begin PBXResourcesBuildPhase section */
		DF34DEEC2FA80B0000BF8474 /* Resources */ = {
			isa = PBXResourcesBuildPhase;
			buildActionMask = 2147483647;
			files = (
			);
			runOnlyForDeploymentPostprocessing = 0;
		};
		DF34DF022FA80B0100BF8474 /* Resources */ = {
			isa = PBXResourcesBuildPhase;
			buildActionMask = 2147483647;
			files = (
			);
			runOnlyForDeploymentPostprocessing = 0;
		};
		DF34DF0C2FA80B0100BF8474 /* Resources */ = {
			isa = PBXResourcesBuildPhase;
			buildActionMask = 2147483647;
			files = (
			);
			runOnlyForDeploymentPostprocessing = 0;
		};
/* End PBXResourcesBuildPhase section */

/* Begin PBXSourcesBuildPhase section */
		DF34DEEA2FA80B0000BF8474 /* Sources */ = {
			isa = PBXSourcesBuildPhase;
			buildActionMask = 2147483647;
			files = (
			);
			runOnlyForDeploymentPostprocessing = 0;
		};
		DF34DF002FA80B0100BF8474 /* Sources */ = {
			isa = PBXSourcesBuildPhase;
			buildActionMask = 2147483647;
			files = (
			);
			runOnlyForDeploymentPostprocessing = 0;
		};
		DF34DF0A2FA80B0100BF8474 /* Sources */ = {
			isa = PBXSourcesBuildPhase;
			buildActionMask = 2147483647;
			files = (
			);
			runOnlyForDeploymentPostprocessing = 0;
		};
/* End PBXSourcesBuildPhase section */

/* Begin PBXTargetDependency section */
		DF34DF062FA80B0100BF8474 /* PBXTargetDependency */ = {
			isa = PBXTargetDependency;
			target = DF34DEED2FA80B0000BF8474 /* TermProject */;
			targetProxy = DF34DF052FA80B0100BF8474 /* PBXContainerItemProxy */;
		};
		DF34DF102FA80B0100BF8474 /* PBXTargetDependency */ = {
			isa = PBXTargetDependency;
			target = DF34DEED2FA80B0000BF8474 /* TermProject */;
			targetProxy = DF34DF0F2FA80B0100BF8474 /* PBXContainerItemProxy */;
		};
/* End PBXTargetDependency section */

/* Begin XCBuildConfiguration section */
		DF34DF182FA80B0100BF8474 /* Debug */ = {
			isa = XCBuildConfiguration;
			buildSettings = {
				ASSETCATALOG_COMPILER_APPICON_NAME = AppIcon;
				ASSETCATALOG_COMPILER_GLOBAL_ACCENT_COLOR_NAME = AccentColor;
				CODE_SIGN_IDENTITY = "Apple Development";
				CODE_SIGN_STYLE = Automatic;
				CURRENT_PROJECT_VERSION = 1;
				DEVELOPMENT_TEAM = VHQCZA3697;
				GENERATE_INFOPLIST_FILE = YES;
				INFOPLIST_FILE = TermProject/Info.plist;
				INFOPLIST_KEY_NSPhotoLibraryAddUsageDescription = "This app saves photos and videos to your library.";
				INFOPLIST_KEY_NSPhotoLibraryUsageDescription = "This app needs access to save downloaded media.";
				INFOPLIST_KEY_UIApplicationSupportsIndirectInputEvents = YES;
				INFOPLIST_KEY_UILaunchStoryboardName = LaunchScreen;
				INFOPLIST_KEY_UIMainStoryboardFile = Main;
				INFOPLIST_KEY_UIStatusBarStyle = "";
				INFOPLIST_KEY_UISupportedInterfaceOrientations_iPad = "UIInterfaceOrientationPortrait UIInterfaceOrientationPortraitUpsideDown UIInterfaceOrientationLandscapeLeft UIInterfaceOrientationLandscapeRight";
				INFOPLIST_KEY_UISupportedInterfaceOrientations_iPhone = "UIInterfaceOrientationPortrait UIInterfaceOrientationLandscapeLeft UIInterfaceOrientationLandscapeRight";
				IPHONEOS_DEPLOYMENT_TARGET = 26.0;
				LD_RUNPATH_SEARCH_PATHS = (
					"$(inherited)",
					"@executable_path/Frameworks",
				);
				MARKETING_VERSION = 1.0;
				PRODUCT_BUNDLE_IDENTIFIER = com.reina.termproject;
				PRODUCT_NAME = "$(TARGET_NAME)";
				PROVISIONING_PROFILE_SPECIFIER = "";
				STRING_CATALOG_GENERATE_SYMBOLS = YES;
				SWIFT_APPROACHABLE_CONCURRENCY = YES;
				SWIFT_DEFAULT_ACTOR_ISOLATION = MainActor;
				SWIFT_EMIT_LOC_STRINGS = YES;
				SWIFT_UPCOMING_FEATURE_MEMBER_IMPORT_VISIBILITY = YES;
				SWIFT_VERSION = 5.0;
				TARGETED_DEVICE_FAMILY = "1,2";
			};
			name = Debug;
		};
		DF34DF192FA80B0100BF8474 /* Release */ = {
			isa = XCBuildConfiguration;
			buildSettings = {
				ASSETCATALOG_COMPILER_APPICON_NAME = AppIcon;
				ASSETCATALOG_COMPILER_GLOBAL_ACCENT_COLOR_NAME = AccentColor;
				CODE_SIGN_IDENTITY = "Apple Development";
				CODE_SIGN_STYLE = Automatic;
				CURRENT_PROJECT_VERSION = 1;
				DEVELOPMENT_TEAM = VHQCZA3697;
				GENERATE_INFOPLIST_FILE = YES;
				INFOPLIST_FILE = TermProject/Info.plist;
				INFOPLIST_KEY_NSPhotoLibraryAddUsageDescription = "This app saves photos and videos to your library.";
				INFOPLIST_KEY_NSPhotoLibraryUsageDescription = "This app needs access to save downloaded media.";
				INFOPLIST_KEY_UIApplicationSupportsIndirectInputEvents = YES;
				INFOPLIST_KEY_UILaunchStoryboardName = LaunchScreen;
				INFOPLIST_KEY_UIMainStoryboardFile = Main;
				INFOPLIST_KEY_UIStatusBarStyle = "";
				INFOPLIST_KEY_UISupportedInterfaceOrientations_iPad = "UIInterfaceOrientationPortrait UIInterfaceOrientationPortraitUpsideDown UIInterfaceOrientationLandscapeLeft UIInterfaceOrientationLandscapeRight";
				INFOPLIST_KEY_UISupportedInterfaceOrientations_iPhone = "UIInterfaceOrientationPortrait UIInterfaceOrientationLandscapeLeft UIInterfaceOrientationLandscapeRight";
				IPHONEOS_DEPLOYMENT_TARGET = 26.0;
				LD_RUNPATH_SEARCH_PATHS = (
					"$(inherited)",
					"@executable_path/Frameworks",
				);
				MARKETING_VERSION = 1.0;
				PRODUCT_BUNDLE_IDENTIFIER = com.reina.termproject;
				PRODUCT_NAME = "$(TARGET_NAME)";
				PROVISIONING_PROFILE_SPECIFIER = "";
				STRING_CATALOG_GENERATE_SYMBOLS = YES;
				SWIFT_APPROACHABLE_CONCURRENCY = YES;
				SWIFT_DEFAULT_ACTOR_ISOLATION = MainActor;
				SWIFT_EMIT_LOC_STRINGS = YES;
				SWIFT_UPCOMING_FEATURE_MEMBER_IMPORT_VISIBILITY = YES;
				SWIFT_VERSION = 5.0;
				TARGETED_DEVICE_FAMILY = "1,2";
			};
			name = Release;
		};
		DF34DF1A2FA80B0100BF8474 /* Debug */ = {
			isa = XCBuildConfiguration;
			buildSettings = {
				ALWAYS_SEARCH_USER_PATHS = NO;
				ASSETCATALOG_COMPILER_GENERATE_SWIFT_ASSET_SYMBOL_EXTENSIONS = YES;
				CLANG_ANALYZER_NONNULL = YES;
				CLANG_ANALYZER_NUMBER_OBJECT_CONVERSION = YES_AGGRESSIVE;
				CLANG_CXX_LANGUAGE_STANDARD = "gnu++20";
				CLANG_ENABLE_MODULES = YES;
				CLANG_ENABLE_OBJC_ARC = YES;
				CLANG_ENABLE_OBJC_WEAK = YES;
				CLANG_WARN_BLOCK_CAPTURE_AUTORELEASING = YES;
				CLANG_WARN_BOOL_CONVERSION = YES;
				CLANG_WARN_COMMA = YES;
				CLANG_WARN_CONSTANT_CONVERSION = YES;
				CLANG_WARN_DEPRECATED_OBJC_IMPLEMENTATIONS = YES;
				CLANG_WARN_DIRECT_OBJC_ISA_USAGE = YES_ERROR;
				CLANG_WARN_DOCUMENTATION_COMMENTS = YES;
				CLANG_WARN_EMPTY_BODY = YES;
				CLANG_WARN_ENUM_CONVERSION = YES;
				CLANG_WARN_INFINITE_RECURSION = YES;
				CLANG_WARN_INT_CONVERSION = YES;
				CLANG_WARN_NON_LITERAL_NULL_CONVERSION = YES;
				CLANG_WARN_OBJC_IMPLICIT_RETAIN_SELF = YES;
				CLANG_WARN_OBJC_LITERAL_CONVERSION = YES;
				CLANG_WARN_OBJC_ROOT_CLASS = YES_ERROR;
				CLANG_WARN_QUOTED_INCLUDE_IN_FRAMEWORK_HEADER = YES;
				CLANG_WARN_RANGE_LOOP_ANALYSIS = YES;
				CLANG_WARN_STRICT_PROTOTYPES = YES;
				CLANG_WARN_SUSPICIOUS_MOVE = YES;
				CLANG_WARN_UNGUARDED_AVAILABILITY = YES_AGGRESSIVE;
				CLANG_WARN_UNREACHABLE_CODE = YES;
				CLANG_WARN__DUPLICATE_METHOD_MATCH = YES;
				COPY_PHASE_STRIP = NO;
				DEBUG_INFORMATION_FORMAT = dwarf;
				ENABLE_STRICT_OBJC_MSGSEND = YES;
				ENABLE_TESTABILITY = YES;
				ENABLE_USER_SCRIPT_SANDBOXING = YES;
				GCC_C_LANGUAGE_STANDARD = gnu17;
				GCC_DYNAMIC_NO_PIC = NO;
				GCC_NO_COMMON_BLOCKS = YES;
				GCC_OPTIMIZATION_LEVEL = 0;
				GCC_PREPROCESSOR_DEFINITIONS = (
					"DEBUG=1",
					"$(inherited)",
				);
				GCC_WARN_64_TO_32_BIT_CONVERSION = YES;
				GCC_WARN_ABOUT_RETURN_TYPE = YES_ERROR;
				GCC_WARN_UNDECLARED_SELECTOR = YES;
				GCC_WARN_UNINITIALIZED_AUTOS = YES_AGGRESSIVE;
				GCC_WARN_UNUSED_FUNCTION = YES;
				GCC_WARN_UNUSED_VARIABLE = YES;
				IPHONEOS_DEPLOYMENT_TARGET = 26.2;
				LOCALIZATION_PREFERS_STRING_CATALOGS = YES;
				MTL_ENABLE_DEBUG_INFO = INCLUDE_SOURCE;
				MTL_FAST_MATH = YES;
				ONLY_ACTIVE_ARCH = YES;
				SDKROOT = iphoneos;
				SWIFT_ACTIVE_COMPILATION_CONDITIONS = "DEBUG $(inherited)";
				SWIFT_OPTIMIZATION_LEVEL = "-Onone";
			};
			name = Debug;
		};
		DF34DF1B2FA80B0100BF8474 /* Release */ = {
			isa = XCBuildConfiguration;
			buildSettings = {
				ALWAYS_SEARCH_USER_PATHS = NO;
				ASSETCATALOG_COMPILER_GENERATE_SWIFT_ASSET_SYMBOL_EXTENSIONS = YES;
				CLANG_ANALYZER_NONNULL = YES;
				CLANG_ANALYZER_NUMBER_OBJECT_CONVERSION = YES_AGGRESSIVE;
				CLANG_CXX_LANGUAGE_STANDARD = "gnu++20";
				CLANG_ENABLE_MODULES = YES;
				CLANG_ENABLE_OBJC_ARC = YES;
				CLANG_ENABLE_OBJC_WEAK = YES;
				CLANG_WARN_BLOCK_CAPTURE_AUTORELEASING = YES;
				CLANG_WARN_BOOL_CONVERSION = YES;
				CLANG_WARN_COMMA = YES;
				CLANG_WARN_CONSTANT_CONVERSION = YES;
				CLANG_WARN_DEPRECATED_OBJC_IMPLEMENTATIONS = YES;
				CLANG_WARN_DIRECT_OBJC_ISA_USAGE = YES_ERROR;
				CLANG_WARN_DOCUMENTATION_COMMENTS = YES;
				CLANG_WARN_EMPTY_BODY = YES;
				CLANG_WARN_ENUM_CONVERSION = YES;
				CLANG_WARN_INFINITE_RECURSION = YES;
				CLANG_WARN_INT_CONVERSION = YES;
				CLANG_WARN_NON_LITERAL_NULL_CONVERSION = YES;
				CLANG_WARN_OBJC_IMPLICIT_RETAIN_SELF = YES;
				CLANG_WARN_OBJC_LITERAL_CONVERSION = YES;
				CLANG_WARN_OBJC_ROOT_CLASS = YES_ERROR;
				CLANG_WARN_QUOTED_INCLUDE_IN_FRAMEWORK_HEADER = YES;
				CLANG_WARN_RANGE_LOOP_ANALYSIS = YES;
				CLANG_WARN_STRICT_PROTOTYPES = YES;
				CLANG_WARN_SUSPICIOUS_MOVE = YES;
				CLANG_WARN_UNGUARDED_AVAILABILITY = YES_AGGRESSIVE;
				CLANG_WARN_UNREACHABLE_CODE = YES;
				CLANG_WARN__DUPLICATE_METHOD_MATCH = YES;
				COPY_PHASE_STRIP = NO;
				DEBUG_INFORMATION_FORMAT = "dwarf-with-dsym";
				ENABLE_NS_ASSERTIONS = NO;
				ENABLE_STRICT_OBJC_MSGSEND = YES;
				ENABLE_USER_SCRIPT_SANDBOXING = YES;
				GCC_C_LANGUAGE_STANDARD = gnu17;
				GCC_NO_COMMON_BLOCKS = YES;
				GCC_WARN_64_TO_32_BIT_CONVERSION = YES;
				GCC_WARN_ABOUT_RETURN_TYPE = YES_ERROR;
				GCC_WARN_UNDECLARED_SELECTOR = YES;
				GCC_WARN_UNINITIALIZED_AUTOS = YES_AGGRESSIVE;
				GCC_WARN_UNUSED_FUNCTION = YES;
				GCC_WARN_UNUSED_VARIABLE = YES;
				IPHONEOS_DEPLOYMENT_TARGET = 26.2;
				LOCALIZATION_PREFERS_STRING_CATALOGS = YES;
				MTL_ENABLE_DEBUG_INFO = NO;
				MTL_FAST_MATH = YES;
				SDKROOT = iphoneos;
				SWIFT_COMPILATION_MODE = wholemodule;
				VALIDATE_PRODUCT = YES;
			};
			name = Release;
		};
		DF34DF1D2FA80B0100BF8474 /* Debug */ = {
			isa = XCBuildConfiguration;
			buildSettings = {
				BUNDLE_LOADER = "$(TEST_HOST)";
				CODE_SIGN_STYLE = Automatic;
				CURRENT_PROJECT_VERSION = 1;
				GENERATE_INFOPLIST_FILE = YES;
				IPHONEOS_DEPLOYMENT_TARGET = 26.2;
				MARKETING_VERSION = 1.0;
				PRODUCT_BUNDLE_IDENTIFIER = com.Reina.TermProjectTests;
				PRODUCT_NAME = "$(TARGET_NAME)";
				STRING_CATALOG_GENERATE_SYMBOLS = NO;
				SWIFT_APPROACHABLE_CONCURRENCY = YES;
				SWIFT_EMIT_LOC_STRINGS = NO;
				SWIFT_UPCOMING_FEATURE_MEMBER_IMPORT_VISIBILITY = YES;
				SWIFT_VERSION = 5.0;
				TARGETED_DEVICE_FAMILY = "1,2";
				TEST_HOST = "$(BUILT_PRODUCTS_DIR)/TermProject.app/$(BUNDLE_EXECUTABLE_FOLDER_PATH)/TermProject";
			};
			name = Debug;
		};
		DF34DF1E2FA80B0100BF8474 /* Release */ = {
			isa = XCBuildConfiguration;
			buildSettings = {
				BUNDLE_LOADER = "$(TEST_HOST)";
				CODE_SIGN_STYLE = Automatic;
				CURRENT_PROJECT_VERSION = 1;
				GENERATE_INFOPLIST_FILE = YES;
				IPHONEOS_DEPLOYMENT_TARGET = 26.2;
				MARKETING_VERSION = 1.0;
				PRODUCT_BUNDLE_IDENTIFIER = com.Reina.TermProjectTests;
				PRODUCT_NAME = "$(TARGET_NAME)";
				STRING_CATALOG_GENERATE_SYMBOLS = NO;
				SWIFT_APPROACHABLE_CONCURRENCY = YES;
				SWIFT_EMIT_LOC_STRINGS = NO;
				SWIFT_UPCOMING_FEATURE_MEMBER_IMPORT_VISIBILITY = YES;
				SWIFT_VERSION = 5.0;
				TARGETED_DEVICE_FAMILY = "1,2";
				TEST_HOST = "$(BUILT_PRODUCTS_DIR)/TermProject.app/$(BUNDLE_EXECUTABLE_FOLDER_PATH)/TermProject";
			};
			name = Release;
		};
		DF34DF202FA80B0100BF8474 /* Debug */ = {
			isa = XCBuildConfiguration;
			buildSettings = {
				CODE_SIGN_STYLE = Automatic;
				CURRENT_PROJECT_VERSION = 1;
				GENERATE_INFOPLIST_FILE = YES;
				MARKETING_VERSION = 1.0;
				PRODUCT_BUNDLE_IDENTIFIER = com.Reina.TermProjectUITests;
				PRODUCT_NAME = "$(TARGET_NAME)";
				STRING_CATALOG_GENERATE_SYMBOLS = NO;
				SWIFT_APPROACHABLE_CONCURRENCY = YES;
				SWIFT_EMIT_LOC_STRINGS = NO;
				SWIFT_UPCOMING_FEATURE_MEMBER_IMPORT_VISIBILITY = YES;
				SWIFT_VERSION = 5.0;
				TARGETED_DEVICE_FAMILY = "1,2";
				TEST_TARGET_NAME = TermProject;
			};
			name = Debug;
		};
		DF34DF212FA80B0100BF8474 /* Release */ = {
			isa = XCBuildConfiguration;
			buildSettings = {
				CODE_SIGN_STYLE = Automatic;
				CURRENT_PROJECT_VERSION = 1;
				GENERATE_INFOPLIST_FILE = YES;
				MARKETING_VERSION = 1.0;
				PRODUCT_BUNDLE_IDENTIFIER = com.Reina.TermProjectUITests;
				PRODUCT_NAME = "$(TARGET_NAME)";
				STRING_CATALOG_GENERATE_SYMBOLS = NO;
				SWIFT_APPROACHABLE_CONCURRENCY = YES;
				SWIFT_EMIT_LOC_STRINGS = NO;
				SWIFT_UPCOMING_FEATURE_MEMBER_IMPORT_VISIBILITY = YES;
				SWIFT_VERSION = 5.0;
				TARGETED_DEVICE_FAMILY = "1,2";
				TEST_TARGET_NAME = TermProject;
			};
			name = Release;
		};
/* End XCBuildConfiguration section */

/* Begin XCConfigurationList section */
		DF34DEE92FA80B0000BF8474 /* Build configuration list for PBXProject "TermProject.SceneDelegate" */ = {
			isa = XCConfigurationList;
			buildConfigurations = (
				DF34DF1A2FA80B0100BF8474 /* Debug */,
				DF34DF1B2FA80B0100BF8474 /* Release */,
			);
			defaultConfigurationIsVisible = 0;
			defaultConfigurationName = Release;
		};
		DF34DF172FA80B0100BF8474 /* Build configuration list for PBXNativeTarget "TermProject" */ = {
			isa = XCConfigurationList;
			buildConfigurations = (
				DF34DF182FA80B0100BF8474 /* Debug */,
				DF34DF192FA80B0100BF8474 /* Release */,
			);
			defaultConfigurationIsVisible = 0;
			defaultConfigurationName = Release;
		};
		DF34DF1C2FA80B0100BF8474 /* Build configuration list for PBXNativeTarget "TermProjectTests" */ = {
			isa = XCConfigurationList;
			buildConfigurations = (
				DF34DF1D2FA80B0100BF8474 /* Debug */,
				DF34DF1E2FA80B0100BF8474 /* Release */,
			);
			defaultConfigurationIsVisible = 0;
			defaultConfigurationName = Release;
		};
		DF34DF1F2FA80B0100BF8474 /* Build configuration list for PBXNativeTarget "TermProjectUITests" */ = {
			isa = XCConfigurationList;
			buildConfigurations = (
				DF34DF202FA80B0100BF8474 /* Debug */,
				DF34DF212FA80B0100BF8474 /* Release */,
			);
			defaultConfigurationIsVisible = 0;
			defaultConfigurationName = Release;
		};
/* End XCConfigurationList section */
	};
	rootObject = DF34DEE62FA80B0000BF8474 /* Project object */;
}
